
Microsoft Visual Studio Solution File, Format Version 12.00
# Visual Studio 2012
Project("{8BC9CEB8-8B4A-11D0-8D11-00A0C91BC942}") = "L215247(Lab 8)", "L215247(Lab 8)\L215247(Lab 8).vcxproj", "{7F88DC35-51BF-4569-87F8-36306177F721}"
EndProject
Global
	GlobalSection(SolutionConfigurationPlatforms) = preSolution
		Debug|Win32 = Debug|Win32
		Release|Win32 = Release|Win32
	EndGlobalSection
	GlobalSection(ProjectConfigurationPlatforms) = postSolution
		{7F88DC35-51BF-4569-87F8-36306177F721}.Debug|Win32.ActiveCfg = Debug|Win32
		{7F88DC35-51BF-4569-87F8-36306177F721}.Debug|Win32.Build.0 = Debug|Win32
		{7F88DC35-51BF-4569-87F8-36306177F721}.Release|Win32.ActiveCfg = Release|Win32
		{7F88DC35-51BF-4569-87F8-36306177F721}.Release|Win32.Build.0 = Release|Win32
	EndGlobalSection
	GlobalSection(SolutionProperties) = preSolution
		HideSolutionNode = FALSE
	EndGlobalSection
EndGlobal
